
Microsoft Visual Studio Solution File, Format Version 12.00
# Visual Studio Version 17
VisualStudioVersion = 17.14.36221.1 d17.14
MinimumVisualStudioVersion = 10.0.40219.1
Project("{FAE04EC0-301F-11D3-BF4B-00C04F79EFBC}") = "SA", "SA.csproj", "{3FB7BF7D-3622-4274-ADD4-6E07E6948FE2}"
EndProject
Global
	GlobalSection(SolutionConfigurationPlatforms) = preSolution
		Debug|Any CPU = Debug|Any CPU
		Release|Any CPU = Release|Any CPU
	EndGlobalSection
	GlobalSection(ProjectConfigurationPlatforms) = postSolution
		{3FB7BF7D-3622-4274-ADD4-6E07E6948FE2}.Debug|Any CPU.ActiveCfg = Debug|Any CPU
		{3FB7BF7D-3622-4274-ADD4-6E07E6948FE2}.Debug|Any CPU.Build.0 = Debug|Any CPU
		{3FB7BF7D-3622-4274-ADD4-6E07E6948FE2}.Release|Any CPU.ActiveCfg = Release|Any CPU
		{3FB7BF7D-3622-4274-ADD4-6E07E6948FE2}.Release|Any CPU.Build.0 = Release|Any CPU
	EndGlobalSection
	GlobalSection(SolutionProperties) = preSolution
		HideSolutionNode = FALSE
	EndGlobalSection
	GlobalSection(ExtensibilityGlobals) = postSolution
		SolutionGuid = {F5C992AB-0B34-4441-BAF2-654BB9B17C39}
	EndGlobalSection
EndGlobal
